
Microsoft Visual Studio Solution File, Format Version 12.00
# Visual Studio Version 17
VisualStudioVersion = 17.0.31903.59
MinimumVisualStudioVersion = 10.0.40219.1
Project("{2150E333-8FDC-42A3-9474-1A3956D46DE8}") = "src", "src", "{827E0CD3-B72D-47B6-A68D-7590B98EB39B}"
EndProject
Project("{FAE04EC0-301F-11D3-BF4B-00C04F79EFBC}") = "Viariato.Api", "src\Viariato.Api\Viariato.Api.csproj", "{A2221E7C-D74A-4C97-A89C-A445DA10CA31}"
EndProject
Project("{FAE04EC0-301F-11D3-BF4B-00C04F79EFBC}") = "Viariato.Shared", "src\Viariato.Shared\Viariato.Shared.csproj", "{905D9CC8-49B2-4AA8-AB9F-D65AA4D179E8}"
EndProject
Project("{FAE04EC0-301F-11D3-BF4B-00C04F79EFBC}") = "Viariato.Infrastructure", "src\Viariato.Infrastructure\Viariato.Infrastructure.csproj", "{2EDAD233-2D7F-43E4-A228-D8D1A751B876}"
EndProject
Project("{FAE04EC0-301F-11D3-BF4B-00C04F79EFBC}") = "Viariato.Modules.Users", "src\Viariato.Modules.Users\Viariato.Modules.Users.csproj", "{FF0EB582-1DC7-4599-B2B3-8531B4D8CE50}"
EndProject
Project("{FAE04EC0-301F-11D3-BF4B-00C04F79EFBC}") = "Viariato.Modules.Users.Tests", "tests\Viariato.Modules.Users.Tests\Viariato.Modules.Users.Tests.csproj", "{78EA65EF-4724-4747-B9E3-CFFA28051D55}"
EndProject
Project("{FAE04EC0-301F-11D3-BF4B-00C04F79EFBC}") = "Viariato.Api.IntegrationTests", "tests\Viariato.Api.IntegrationTests\Viariato.Api.IntegrationTests.csproj", "{1D424B06-545C-43BB-BDC0-9F85BA1339F5}"
EndProject
Project("{FAE04EC0-301F-11D3-BF4B-00C04F79EFBC}") = "Viariato.Modules.Markets", "src\Viariato.Modules.Markets\Viariato.Modules.Markets.csproj", "{CC56D45B-6AA5-47A4-B2DB-C10E5A46C751}"
EndProject
Project("{FAE04EC0-301F-11D3-BF4B-00C04F79EFBC}") = "Viariato.Modules.Ops", "src\Viariato.Modules.Ops\Viariato.Modules.Ops.csproj", "{7982037A-A692-4CAD-9808-24B48B2F1AB1}"
EndProject
Project("{2150E333-8FDC-42A3-9474-1A3956D46DE8}") = "tests", "tests", "{0AB3BF05-4346-4AA6-1389-037BE0695223}"
EndProject
Project("{FAE04EC0-301F-11D3-BF4B-00C04F79EFBC}") = "Viariato.Modules.Markets.Tests", "tests\Viariato.Modules.Markets.Tests\Viariato.Modules.Markets.Tests.csproj", "{2C83A2A3-4714-4027-AE8A-5CDF14E0FDE4}"
EndProject
Project("{FAE04EC0-301F-11D3-BF4B-00C04F79EFBC}") = "Viariato.Modules.Flujos", "src\Viariato.Modules.Flujos\Viariato.Modules.Flujos.csproj", "{3C10FB65-9DCE-44DF-B613-1A36EC08AC15}"
EndProject
Project("{FAE04EC0-301F-11D3-BF4B-00C04F79EFBC}") = "Viariato.Modules.Flujos.Tests", "tests\Viariato.Modules.Flujos.Tests\Viariato.Modules.Flujos.Tests.csproj", "{5D519366-A3C4-403C-A805-87BB6F2F8FE1}"
EndProject
Project("{FAE04EC0-301F-11D3-BF4B-00C04F79EFBC}") = "Viariato.Modules.Casos", "src\Viariato.Modules.Casos\Viariato.Modules.Casos.csproj", "{C41D1E5F-7C62-4C50-B354-984798AC83CC}"
EndProject
Project("{FAE04EC0-301F-11D3-BF4B-00C04F79EFBC}") = "Viariato.Modules.Casos.Tests", "tests\Viariato.Modules.Casos.Tests\Viariato.Modules.Casos.Tests.csproj", "{3E247DDE-F408-4725-9BAE-6145D78369A8}"
EndProject
Project("{FAE04EC0-301F-11D3-BF4B-00C04F79EFBC}") = "Viariato.Modules.RpaFleet", "src\Viariato.Modules.RpaFleet\Viariato.Modules.RpaFleet.csproj", "{DB10C580-8B1C-40C6-8482-DFC9DC26A6B0}"
EndProject
Project("{FAE04EC0-301F-11D3-BF4B-00C04F79EFBC}") = "Viariato.ApiContracts", "src\Viariato.ApiContracts\Viariato.ApiContracts.csproj", "{F0AB4497-AC1C-4A3D-A60D-70B4B866B10A}"
EndProject
Project("{2150E333-8FDC-42A3-9474-1A3956D46DE8}") = "sdk", "sdk", "{FF13A09E-0E72-1904-124B-A4E979EF28D3}"
EndProject
Project("{FAE04EC0-301F-11D3-BF4B-00C04F79EFBC}") = "Viriato.Rpa.Template", "sdk\Viriato.Rpa.Template\Viriato.Rpa.Template.csproj", "{D8615AA6-46A4-4462-8861-2D5BBACC9944}"
EndProject
Project("{FAE04EC0-301F-11D3-BF4B-00C04F79EFBC}") = "Viriato.Rpa.Template.Sample", "sdk\Viriato.Rpa.Template.Sample\Viriato.Rpa.Template.Sample.csproj", "{1D13B5D9-C503-4868-AF7C-692A0DD0D6FE}"
EndProject
Global
	GlobalSection(SolutionConfigurationPlatforms) = preSolution
		Debug|Any CPU = Debug|Any CPU
		Debug|x64 = Debug|x64
		Debug|x86 = Debug|x86
		Release|Any CPU = Release|Any CPU
		Release|x64 = Release|x64
		Release|x86 = Release|x86
	EndGlobalSection
	GlobalSection(ProjectConfigurationPlatforms) = postSolution
		{A2221E7C-D74A-4C97-A89C-A445DA10CA31}.Debug|Any CPU.ActiveCfg = Debug|Any CPU
		{A2221E7C-D74A-4C97-A89C-A445DA10CA31}.Debug|Any CPU.Build.0 = Debug|Any CPU
		{A2221E7C-D74A-4C97-A89C-A445DA10CA31}.Debug|x64.ActiveCfg = Debug|Any CPU
		{A2221E7C-D74A-4C97-A89C-A445DA10CA31}.Debug|x64.Build.0 = Debug|Any CPU
		{A2221E7C-D74A-4C97-A89C-A445DA10CA31}.Debug|x86.ActiveCfg = Debug|Any CPU
		{A2221E7C-D74A-4C97-A89C-A445DA10CA31}.Debug|x86.Build.0 = Debug|Any CPU
		{A2221E7C-D74A-4C97-A89C-A445DA10CA31}.Release|Any CPU.ActiveCfg = Release|Any CPU
		{A2221E7C-D74A-4C97-A89C-A445DA10CA31}.Release|Any CPU.Build.0 = Release|Any CPU
		{A2221E7C-D74A-4C97-A89C-A445DA10CA31}.Release|x64.ActiveCfg = Release|Any CPU
		{A2221E7C-D74A-4C97-A89C-A445DA10CA31}.Release|x64.Build.0 = Release|Any CPU
		{A2221E7C-D74A-4C97-A89C-A445DA10CA31}.Release|x86.ActiveCfg = Release|Any CPU
		{A2221E7C-D74A-4C97-A89C-A445DA10CA31}.Release|x86.Build.0 = Release|Any CPU
		{905D9CC8-49B2-4AA8-AB9F-D65AA4D179E8}.Debug|Any CPU.ActiveCfg = Debug|Any CPU
		{905D9CC8-49B2-4AA8-AB9F-D65AA4D179E8}.Debug|Any CPU.Build.0 = Debug|Any CPU
		{905D9CC8-49B2-4AA8-AB9F-D65AA4D179E8}.Debug|x64.ActiveCfg = Debug|Any CPU
		{905D9CC8-49B2-4AA8-AB9F-D65AA4D179E8}.Debug|x64.Build.0 = Debug|Any CPU
		{905D9CC8-49B2-4AA8-AB9F-D65AA4D179E8}.Debug|x86.ActiveCfg = Debug|Any CPU
		{905D9CC8-49B2-4AA8-AB9F-D65AA4D179E8}.Debug|x86.Build.0 = Debug|Any CPU
		{905D9CC8-49B2-4AA8-AB9F-D65AA4D179E8}.Release|Any CPU.ActiveCfg = Release|Any CPU
		{905D9CC8-49B2-4AA8-AB9F-D65AA4D179E8}.Release|Any CPU.Build.0 = Release|Any CPU
		{905D9CC8-49B2-4AA8-AB9F-D65AA4D179E8}.Release|x64.ActiveCfg = Release|Any CPU
		{905D9CC8-49B2-4AA8-AB9F-D65AA4D179E8}.Release|x64.Build.0 = Release|Any CPU
		{905D9CC8-49B2-4AA8-AB9F-D65AA4D179E8}.Release|x86.ActiveCfg = Release|Any CPU
		{905D9CC8-49B2-4AA8-AB9F-D65AA4D179E8}.Release|x86.Build.0 = Release|Any CPU
		{2EDAD233-2D7F-43E4-A228-D8D1A751B876}.Debug|Any CPU.ActiveCfg = Debug|Any CPU
		{2EDAD233-2D7F-43E4-A228-D8D1A751B876}.Debug|Any CPU.Build.0 = Debug|Any CPU
		{2EDAD233-2D7F-43E4-A228-D8D1A751B876}.Debug|x64.ActiveCfg = Debug|Any CPU
		{2EDAD233-2D7F-43E4-A228-D8D1A751B876}.Debug|x64.Build.0 = Debug|Any CPU
		{2EDAD233-2D7F-43E4-A228-D8D1A751B876}.Debug|x86.ActiveCfg = Debug|Any CPU
		{2EDAD233-2D7F-43E4-A228-D8D1A751B876}.Debug|x86.Build.0 = Debug|Any CPU
		{2EDAD233-2D7F-43E4-A228-D8D1A751B876}.Release|Any CPU.ActiveCfg = Release|Any CPU
		{2EDAD233-2D7F-43E4-A228-D8D1A751B876}.Release|Any CPU.Build.0 = Release|Any CPU
		{2EDAD233-2D7F-43E4-A228-D8D1A751B876}.Release|x64.ActiveCfg = Release|Any CPU
		{2EDAD233-2D7F-43E4-A228-D8D1A751B876}.Release|x64.Build.0 = Release|Any CPU
		{2EDAD233-2D7F-43E4-A228-D8D1A751B876}.Release|x86.ActiveCfg = Release|Any CPU
		{2EDAD233-2D7F-43E4-A228-D8D1A751B876}.Release|x86.Build.0 = Release|Any CPU
		{FF0EB582-1DC7-4599-B2B3-8531B4D8CE50}.Debug|Any CPU.ActiveCfg = Debug|Any CPU
		{FF0EB582-1DC7-4599-B2B3-8531B4D8CE50}.Debug|Any CPU.Build.0 = Debug|Any CPU
		{FF0EB582-1DC7-4599-B2B3-8531B4D8CE50}.Debug|x64.ActiveCfg = Debug|Any CPU
		{FF0EB582-1DC7-4599-B2B3-8531B4D8CE50}.Debug|x64.Build.0 = Debug|Any CPU
		{FF0EB582-1DC7-4599-B2B3-8531B4D8CE50}.Debug|x86.ActiveCfg = Debug|Any CPU
		{FF0EB582-1DC7-4599-B2B3-8531B4D8CE50}.Debug|x86.Build.0 = Debug|Any CPU
		{FF0EB582-1DC7-4599-B2B3-8531B4D8CE50}.Release|Any CPU.ActiveCfg = Release|Any CPU
		{FF0EB582-1DC7-4599-B2B3-8531B4D8CE50}.Release|Any CPU.Build.0 = Release|Any CPU
		{FF0EB582-1DC7-4599-B2B3-8531B4D8CE50}.Release|x64.ActiveCfg = Release|Any CPU
		{FF0EB582-1DC7-4599-B2B3-8531B4D8CE50}.Release|x64.Build.0 = Release|Any CPU
		{FF0EB582-1DC7-4599-B2B3-8531B4D8CE50}.Release|x86.ActiveCfg = Release|Any CPU
		{FF0EB582-1DC7-4599-B2B3-8531B4D8CE50}.Release|x86.Build.0 = Release|Any CPU
		{78EA65EF-4724-4747-B9E3-CFFA28051D55}.Debug|Any CPU.ActiveCfg = Debug|Any CPU
		{78EA65EF-4724-4747-B9E3-CFFA28051D55}.Debug|Any CPU.Build.0 = Debug|Any CPU
		{78EA65EF-4724-4747-B9E3-CFFA28051D55}.Debug|x64.ActiveCfg = Debug|Any CPU
		{78EA65EF-4724-4747-B9E3-CFFA28051D55}.Debug|x64.Build.0 = Debug|Any CPU
		{78EA65EF-4724-4747-B9E3-CFFA28051D55}.Debug|x86.ActiveCfg = Debug|Any CPU
		{78EA65EF-4724-4747-B9E3-CFFA28051D55}.Debug|x86.Build.0 = Debug|Any CPU
		{78EA65EF-4724-4747-B9E3-CFFA28051D55}.Release|Any CPU.ActiveCfg = Release|Any CPU
		{78EA65EF-4724-4747-B9E3-CFFA28051D55}.Release|Any CPU.Build.0 = Release|Any CPU
		{78EA65EF-4724-4747-B9E3-CFFA28051D55}.Release|x64.ActiveCfg = Release|Any CPU
		{78EA65EF-4724-4747-B9E3-CFFA28051D55}.Release|x64.Build.0 = Release|Any CPU
		{78EA65EF-4724-4747-B9E3-CFFA28051D55}.Release|x86.ActiveCfg = Release|Any CPU
		{78EA65EF-4724-4747-B9E3-CFFA28051D55}.Release|x86.Build.0 = Release|Any CPU
		{1D424B06-545C-43BB-BDC0-9F85BA1339F5}.Debug|Any CPU.ActiveCfg = Debug|Any CPU
		{1D424B06-545C-43BB-BDC0-9F85BA1339F5}.Debug|Any CPU.Build.0 = Debug|Any CPU
		{1D424B06-545C-43BB-BDC0-9F85BA1339F5}.Debug|x64.ActiveCfg = Debug|Any CPU
		{1D424B06-545C-43BB-BDC0-9F85BA1339F5}.Debug|x64.Build.0 = Debug|Any CPU
		{1D424B06-545C-43BB-BDC0-9F85BA1339F5}.Debug|x86.ActiveCfg = Debug|Any CPU
		{1D424B06-545C-43BB-BDC0-9F85BA1339F5}.Debug|x86.Build.0 = Debug|Any CPU
		{1D424B06-545C-43BB-BDC0-9F85BA1339F5}.Release|Any CPU.ActiveCfg = Release|Any CPU
		{1D424B06-545C-43BB-BDC0-9F85BA1339F5}.Release|Any CPU.Build.0 = Release|Any CPU
		{1D424B06-545C-43BB-BDC0-9F85BA1339F5}.Release|x64.ActiveCfg = Release|Any CPU
		{1D424B06-545C-43BB-BDC0-9F85BA1339F5}.Release|x64.Build.0 = Release|Any CPU
		{1D424B06-545C-43BB-BDC0-9F85BA1339F5}.Release|x86.ActiveCfg = Release|Any CPU
		{1D424B06-545C-43BB-BDC0-9F85BA1339F5}.Release|x86.Build.0 = Release|Any CPU
		{CC56D45B-6AA5-47A4-B2DB-C10E5A46C751}.Debug|Any CPU.ActiveCfg = Debug|Any CPU
		{CC56D45B-6AA5-47A4-B2DB-C10E5A46C751}.Debug|Any CPU.Build.0 = Debug|Any CPU
		{CC56D45B-6AA5-47A4-B2DB-C10E5A46C751}.Debug|x64.ActiveCfg = Debug|Any CPU
		{CC56D45B-6AA5-47A4-B2DB-C10E5A46C751}.Debug|x64.Build.0 = Debug|Any CPU
		{CC56D45B-6AA5-47A4-B2DB-C10E5A46C751}.Debug|x86.ActiveCfg = Debug|Any CPU
		{CC56D45B-6AA5-47A4-B2DB-C10E5A46C751}.Debug|x86.Build.0 = Debug|Any CPU
		{CC56D45B-6AA5-47A4-B2DB-C10E5A46C751}.Release|Any CPU.ActiveCfg = Release|Any CPU
		{CC56D45B-6AA5-47A4-B2DB-C10E5A46C751}.Release|Any CPU.Build.0 = Release|Any CPU
		{CC56D45B-6AA5-47A4-B2DB-C10E5A46C751}.Release|x64.ActiveCfg = Release|Any CPU
		{CC56D45B-6AA5-47A4-B2DB-C10E5A46C751}.Release|x64.Build.0 = Release|Any CPU
		{CC56D45B-6AA5-47A4-B2DB-C10E5A46C751}.Release|x86.ActiveCfg = Release|Any CPU
		{CC56D45B-6AA5-47A4-B2DB-C10E5A46C751}.Release|x86.Build.0 = Release|Any CPU
		{7982037A-A692-4CAD-9808-24B48B2F1AB1}.Debug|Any CPU.ActiveCfg = Debug|Any CPU
		{7982037A-A692-4CAD-9808-24B48B2F1AB1}.Debug|Any CPU.Build.0 = Debug|Any CPU
		{7982037A-A692-4CAD-9808-24B48B2F1AB1}.Debug|x64.ActiveCfg = Debug|Any CPU
		{7982037A-A692-4CAD-9808-24B48B2F1AB1}.Debug|x64.Build.0 = Debug|Any CPU
		{7982037A-A692-4CAD-9808-24B48B2F1AB1}.Debug|x86.ActiveCfg = Debug|Any CPU
		{7982037A-A692-4CAD-9808-24B48B2F1AB1}.Debug|x86.Build.0 = Debug|Any CPU
		{7982037A-A692-4CAD-9808-24B48B2F1AB1}.Release|Any CPU.ActiveCfg = Release|Any CPU
		{7982037A-A692-4CAD-9808-24B48B2F1AB1}.Release|Any CPU.Build.0 = Release|Any CPU
		{7982037A-A692-4CAD-9808-24B48B2F1AB1}.Release|x64.ActiveCfg = Release|Any CPU
		{7982037A-A692-4CAD-9808-24B48B2F1AB1}.Release|x64.Build.0 = Release|Any CPU
		{7982037A-A692-4CAD-9808-24B48B2F1AB1}.Release|x86.ActiveCfg = Release|Any CPU
		{7982037A-A692-4CAD-9808-24B48B2F1AB1}.Release|x86.Build.0 = Release|Any CPU
		{2C83A2A3-4714-4027-AE8A-5CDF14E0FDE4}.Debug|Any CPU.ActiveCfg = Debug|Any CPU
		{2C83A2A3-4714-4027-AE8A-5CDF14E0FDE4}.Debug|Any CPU.Build.0 = Debug|Any CPU
		{2C83A2A3-4714-4027-AE8A-5CDF14E0FDE4}.Debug|x64.ActiveCfg = Debug|Any CPU
		{2C83A2A3-4714-4027-AE8A-5CDF14E0FDE4}.Debug|x64.Build.0 = Debug|Any CPU
		{2C83A2A3-4714-4027-AE8A-5CDF14E0FDE4}.Debug|x86.ActiveCfg = Debug|Any CPU
		{2C83A2A3-4714-4027-AE8A-5CDF14E0FDE4}.Debug|x86.Build.0 = Debug|Any CPU
		{2C83A2A3-4714-4027-AE8A-5CDF14E0FDE4}.Release|Any CPU.ActiveCfg = Release|Any CPU
		{2C83A2A3-4714-4027-AE8A-5CDF14E0FDE4}.Release|Any CPU.Build.0 = Release|Any CPU
		{2C83A2A3-4714-4027-AE8A-5CDF14E0FDE4}.Release|x64.ActiveCfg = Release|Any CPU
		{2C83A2A3-4714-4027-AE8A-5CDF14E0FDE4}.Release|x64.Build.0 = Release|Any CPU
		{2C83A2A3-4714-4027-AE8A-5CDF14E0FDE4}.Release|x86.ActiveCfg = Release|Any CPU
		{2C83A2A3-4714-4027-AE8A-5CDF14E0FDE4}.Release|x86.Build.0 = Release|Any CPU
		{3C10FB65-9DCE-44DF-B613-1A36EC08AC15}.Debug|Any CPU.ActiveCfg = Debug|Any CPU
		{3C10FB65-9DCE-44DF-B613-1A36EC08AC15}.Debug|Any CPU.Build.0 = Debug|Any CPU
		{3C10FB65-9DCE-44DF-B613-1A36EC08AC15}.Debug|x64.ActiveCfg = Debug|Any CPU
		{3C10FB65-9DCE-44DF-B613-1A36EC08AC15}.Debug|x64.Build.0 = Debug|Any CPU
		{3C10FB65-9DCE-44DF-B613-1A36EC08AC15}.Debug|x86.ActiveCfg = Debug|Any CPU
		{3C10FB65-9DCE-44DF-B613-1A36EC08AC15}.Debug|x86.Build.0 = Debug|Any CPU
		{3C10FB65-9DCE-44DF-B613-1A36EC08AC15}.Release|Any CPU.ActiveCfg = Release|Any CPU
		{3C10FB65-9DCE-44DF-B613-1A36EC08AC15}.Release|Any CPU.Build.0 = Release|Any CPU
		{3C10FB65-9DCE-44DF-B613-1A36EC08AC15}.Release|x64.ActiveCfg = Release|Any CPU
		{3C10FB65-9DCE-44DF-B613-1A36EC08AC15}.Release|x64.Build.0 = Release|Any CPU
		{3C10FB65-9DCE-44DF-B613-1A36EC08AC15}.Release|x86.ActiveCfg = Release|Any CPU
		{3C10FB65-9DCE-44DF-B613-1A36EC08AC15}.Release|x86.Build.0 = Release|Any CPU
		{5D519366-A3C4-403C-A805-87BB6F2F8FE1}.Debug|Any CPU.ActiveCfg = Debug|Any CPU
		{5D519366-A3C4-403C-A805-87BB6F2F8FE1}.Debug|Any CPU.Build.0 = Debug|Any CPU
		{5D519366-A3C4-403C-A805-87BB6F2F8FE1}.Debug|x64.ActiveCfg = Debug|Any CPU
		{5D519366-A3C4-403C-A805-87BB6F2F8FE1}.Debug|x64.Build.0 = Debug|Any CPU
		{5D519366-A3C4-403C-A805-87BB6F2F8FE1}.Debug|x86.ActiveCfg = Debug|Any CPU
		{5D519366-A3C4-403C-A805-87BB6F2F8FE1}.Debug|x86.Build.0 = Debug|Any CPU
		{5D519366-A3C4-403C-A805-87BB6F2F8FE1}.Release|Any CPU.ActiveCfg = Release|Any CPU
		{5D519366-A3C4-403C-A805-87BB6F2F8FE1}.Release|Any CPU.Build.0 = Release|Any CPU
		{5D519366-A3C4-403C-A805-87BB6F2F8FE1}.Release|x64.ActiveCfg = Release|Any CPU
		{5D519366-A3C4-403C-A805-87BB6F2F8FE1}.Release|x64.Build.0 = Release|Any CPU
		{5D519366-A3C4-403C-A805-87BB6F2F8FE1}.Release|x86.ActiveCfg = Release|Any CPU
		{5D519366-A3C4-403C-A805-87BB6F2F8FE1}.Release|x86.Build.0 = Release|Any CPU
		{C41D1E5F-7C62-4C50-B354-984798AC83CC}.Debug|Any CPU.ActiveCfg = Debug|Any CPU
		{C41D1E5F-7C62-4C50-B354-984798AC83CC}.Debug|Any CPU.Build.0 = Debug|Any CPU
		{C41D1E5F-7C62-4C50-B354-984798AC83CC}.Debug|x64.ActiveCfg = Debug|Any CPU
		{C41D1E5F-7C62-4C50-B354-984798AC83CC}.Debug|x64.Build.0 = Debug|Any CPU
		{C41D1E5F-7C62-4C50-B354-984798AC83CC}.Debug|x86.ActiveCfg = Debug|Any CPU
		{C41D1E5F-7C62-4C50-B354-984798AC83CC}.Debug|x86.Build.0 = Debug|Any CPU
		{C41D1E5F-7C62-4C50-B354-984798AC83CC}.Release|Any CPU.ActiveCfg = Release|Any CPU
		{C41D1E5F-7C62-4C50-B354-984798AC83CC}.Release|Any CPU.Build.0 = Release|Any CPU
		{C41D1E5F-7C62-4C50-B354-984798AC83CC}.Release|x64.ActiveCfg = Release|Any CPU
		{C41D1E5F-7C62-4C50-B354-984798AC83CC}.Release|x64.Build.0 = Release|Any CPU
		{C41D1E5F-7C62-4C50-B354-984798AC83CC}.Release|x86.ActiveCfg = Release|Any CPU
		{C41D1E5F-7C62-4C50-B354-984798AC83CC}.Release|x86.Build.0 = Release|Any CPU
		{3E247DDE-F408-4725-9BAE-6145D78369A8}.Debug|Any CPU.ActiveCfg = Debug|Any CPU
		{3E247DDE-F408-4725-9BAE-6145D78369A8}.Debug|Any CPU.Build.0 = Debug|Any CPU
		{3E247DDE-F408-4725-9BAE-6145D78369A8}.Debug|x64.ActiveCfg = Debug|Any CPU
		{3E247DDE-F408-4725-9BAE-6145D78369A8}.Debug|x64.Build.0 = Debug|Any CPU
		{3E247DDE-F408-4725-9BAE-6145D78369A8}.Debug|x86.ActiveCfg = Debug|Any CPU
		{3E247DDE-F408-4725-9BAE-6145D78369A8}.Debug|x86.Build.0 = Debug|Any CPU
		{3E247DDE-F408-4725-9BAE-6145D78369A8}.Release|Any CPU.ActiveCfg = Release|Any CPU
		{3E247DDE-F408-4725-9BAE-6145D78369A8}.Release|Any CPU.Build.0 = Release|Any CPU
		{3E247DDE-F408-4725-9BAE-6145D78369A8}.Release|x64.ActiveCfg = Release|Any CPU
		{3E247DDE-F408-4725-9BAE-6145D78369A8}.Release|x64.Build.0 = Release|Any CPU
		{3E247DDE-F408-4725-9BAE-6145D78369A8}.Release|x86.ActiveCfg = Release|Any CPU
		{3E247DDE-F408-4725-9BAE-6145D78369A8}.Release|x86.Build.0 = Release|Any CPU
		{DB10C580-8B1C-40C6-8482-DFC9DC26A6B0}.Debug|Any CPU.ActiveCfg = Debug|Any CPU
		{DB10C580-8B1C-40C6-8482-DFC9DC26A6B0}.Debug|Any CPU.Build.0 = Debug|Any CPU
		{DB10C580-8B1C-40C6-8482-DFC9DC26A6B0}.Debug|x64.ActiveCfg = Debug|Any CPU
		{DB10C580-8B1C-40C6-8482-DFC9DC26A6B0}.Debug|x64.Build.0 = Debug|Any CPU
		{DB10C580-8B1C-40C6-8482-DFC9DC26A6B0}.Debug|x86.ActiveCfg = Debug|Any CPU
		{DB10C580-8B1C-40C6-8482-DFC9DC26A6B0}.Debug|x86.Build.0 = Debug|Any CPU
		{DB10C580-8B1C-40C6-8482-DFC9DC26A6B0}.Release|Any CPU.ActiveCfg = Release|Any CPU
		{DB10C580-8B1C-40C6-8482-DFC9DC26A6B0}.Release|Any CPU.Build.0 = Release|Any CPU
		{DB10C580-8B1C-40C6-8482-DFC9DC26A6B0}.Release|x64.ActiveCfg = Release|Any CPU
		{DB10C580-8B1C-40C6-8482-DFC9DC26A6B0}.Release|x64.Build.0 = Release|Any CPU
		{DB10C580-8B1C-40C6-8482-DFC9DC26A6B0}.Release|x86.ActiveCfg = Release|Any CPU
		{DB10C580-8B1C-40C6-8482-DFC9DC26A6B0}.Release|x86.Build.0 = Release|Any CPU
		{F0AB4497-AC1C-4A3D-A60D-70B4B866B10A}.Debug|Any CPU.ActiveCfg = Debug|Any CPU
		{F0AB4497-AC1C-4A3D-A60D-70B4B866B10A}.Debug|Any CPU.Build.0 = Debug|Any CPU
		{F0AB4497-AC1C-4A3D-A60D-70B4B866B10A}.Debug|x64.ActiveCfg = Debug|Any CPU
		{F0AB4497-AC1C-4A3D-A60D-70B4B866B10A}.Debug|x64.Build.0 = Debug|Any CPU
		{F0AB4497-AC1C-4A3D-A60D-70B4B866B10A}.Debug|x86.ActiveCfg = Debug|Any CPU
		{F0AB4497-AC1C-4A3D-A60D-70B4B866B10A}.Debug|x86.Build.0 = Debug|Any CPU
		{F0AB4497-AC1C-4A3D-A60D-70B4B866B10A}.Release|Any CPU.ActiveCfg = Release|Any CPU
		{F0AB4497-AC1C-4A3D-A60D-70B4B866B10A}.Release|Any CPU.Build.0 = Release|Any CPU
		{F0AB4497-AC1C-4A3D-A60D-70B4B866B10A}.Release|x64.ActiveCfg = Release|Any CPU
		{F0AB4497-AC1C-4A3D-A60D-70B4B866B10A}.Release|x64.Build.0 = Release|Any CPU
		{F0AB4497-AC1C-4A3D-A60D-70B4B866B10A}.Release|x86.ActiveCfg = Release|Any CPU
		{F0AB4497-AC1C-4A3D-A60D-70B4B866B10A}.Release|x86.Build.0 = Release|Any CPU
		{D8615AA6-46A4-4462-8861-2D5BBACC9944}.Debug|Any CPU.ActiveCfg = Debug|Any CPU
		{D8615AA6-46A4-4462-8861-2D5BBACC9944}.Debug|Any CPU.Build.0 = Debug|Any CPU
		{D8615AA6-46A4-4462-8861-2D5BBACC9944}.Debug|x64.ActiveCfg = Debug|Any CPU
		{D8615AA6-46A4-4462-8861-2D5BBACC9944}.Debug|x64.Build.0 = Debug|Any CPU
		{D8615AA6-46A4-4462-8861-2D5BBACC9944}.Debug|x86.ActiveCfg = Debug|Any CPU
		{D8615AA6-46A4-4462-8861-2D5BBACC9944}.Debug|x86.Build.0 = Debug|Any CPU
		{D8615AA6-46A4-4462-8861-2D5BBACC9944}.Release|Any CPU.ActiveCfg = Release|Any CPU
		{D8615AA6-46A4-4462-8861-2D5BBACC9944}.Release|Any CPU.Build.0 = Release|Any CPU
		{D8615AA6-46A4-4462-8861-2D5BBACC9944}.Release|x64.ActiveCfg = Release|Any CPU
		{D8615AA6-46A4-4462-8861-2D5BBACC9944}.Release|x64.Build.0 = Release|Any CPU
		{D8615AA6-46A4-4462-8861-2D5BBACC9944}.Release|x86.ActiveCfg = Release|Any CPU
		{D8615AA6-46A4-4462-8861-2D5BBACC9944}.Release|x86.Build.0 = Release|Any CPU
		{1D13B5D9-C503-4868-AF7C-692A0DD0D6FE}.Debug|Any CPU.ActiveCfg = Debug|Any CPU
		{1D13B5D9-C503-4868-AF7C-692A0DD0D6FE}.Debug|Any CPU.Build.0 = Debug|Any CPU
		{1D13B5D9-C503-4868-AF7C-692A0DD0D6FE}.Debug|x64.ActiveCfg = Debug|Any CPU
		{1D13B5D9-C503-4868-AF7C-692A0DD0D6FE}.Debug|x64.Build.0 = Debug|Any CPU
		{1D13B5D9-C503-4868-AF7C-692A0DD0D6FE}.Debug|x86.ActiveCfg = Debug|Any CPU
		{1D13B5D9-C503-4868-AF7C-692A0DD0D6FE}.Debug|x86.Build.0 = Debug|Any CPU
		{1D13B5D9-C503-4868-AF7C-692A0DD0D6FE}.Release|Any CPU.ActiveCfg = Release|Any CPU
		{1D13B5D9-C503-4868-AF7C-692A0DD0D6FE}.Release|Any CPU.Build.0 = Release|Any CPU
		{1D13B5D9-C503-4868-AF7C-692A0DD0D6FE}.Release|x64.ActiveCfg = Release|Any CPU
		{1D13B5D9-C503-4868-AF7C-692A0DD0D6FE}.Release|x64.Build.0 = Release|Any CPU
		{1D13B5D9-C503-4868-AF7C-692A0DD0D6FE}.Release|x86.ActiveCfg = Release|Any CPU
		{1D13B5D9-C503-4868-AF7C-692A0DD0D6FE}.Release|x86.Build.0 = Release|Any CPU
	EndGlobalSection
	GlobalSection(SolutionProperties) = preSolution
		HideSolutionNode = FALSE
	EndGlobalSection
	GlobalSection(NestedProjects) = preSolution
		{A2221E7C-D74A-4C97-A89C-A445DA10CA31} = {827E0CD3-B72D-47B6-A68D-7590B98EB39B}
		{905D9CC8-49B2-4AA8-AB9F-D65AA4D179E8} = {827E0CD3-B72D-47B6-A68D-7590B98EB39B}
		{2EDAD233-2D7F-43E4-A228-D8D1A751B876} = {827E0CD3-B72D-47B6-A68D-7590B98EB39B}
		{FF0EB582-1DC7-4599-B2B3-8531B4D8CE50} = {827E0CD3-B72D-47B6-A68D-7590B98EB39B}
		{78EA65EF-4724-4747-B9E3-CFFA28051D55} = {827E0CD3-B72D-47B6-A68D-7590B98EB39B}
		{1D424B06-545C-43BB-BDC0-9F85BA1339F5} = {827E0CD3-B72D-47B6-A68D-7590B98EB39B}
		{CC56D45B-6AA5-47A4-B2DB-C10E5A46C751} = {827E0CD3-B72D-47B6-A68D-7590B98EB39B}
		{7982037A-A692-4CAD-9808-24B48B2F1AB1} = {827E0CD3-B72D-47B6-A68D-7590B98EB39B}
		{2C83A2A3-4714-4027-AE8A-5CDF14E0FDE4} = {0AB3BF05-4346-4AA6-1389-037BE0695223}
		{3C10FB65-9DCE-44DF-B613-1A36EC08AC15} = {827E0CD3-B72D-47B6-A68D-7590B98EB39B}
		{5D519366-A3C4-403C-A805-87BB6F2F8FE1} = {0AB3BF05-4346-4AA6-1389-037BE0695223}
		{C41D1E5F-7C62-4C50-B354-984798AC83CC} = {827E0CD3-B72D-47B6-A68D-7590B98EB39B}
		{3E247DDE-F408-4725-9BAE-6145D78369A8} = {0AB3BF05-4346-4AA6-1389-037BE0695223}
		{DB10C580-8B1C-40C6-8482-DFC9DC26A6B0} = {827E0CD3-B72D-47B6-A68D-7590B98EB39B}
		{F0AB4497-AC1C-4A3D-A60D-70B4B866B10A} = {827E0CD3-B72D-47B6-A68D-7590B98EB39B}
		{D8615AA6-46A4-4462-8861-2D5BBACC9944} = {FF13A09E-0E72-1904-124B-A4E979EF28D3}
		{1D13B5D9-C503-4868-AF7C-692A0DD0D6FE} = {FF13A09E-0E72-1904-124B-A4E979EF28D3}
	EndGlobalSection
EndGlobal
